# Piper voices, pinned. Written by scripts/lock-voices.py and checked by
# scripts/fetch-voices.sh, which downloads only from this commit of
# huggingface.co/rhasspy/piper-voices and refuses any file whose sha256
# differs, or a voice not listed here. Refresh it deliberately and review the
# diff: server/licences.py was read against this commit's model cards.
repo rhasspy/piper-voices
revision c10ece1aade47bb51c153c893d14e5bf8e5b7117
# sha256  file
9e95cab07b679da603bba17c4dec7ab3111320571964ee95c0379603c086491e  ar_JO-kareem-medium.onnx
ea6d9b9d9076dbdb6bf5c98c6a141ef154959d2359709b37855727964e7d6c4d  ar_JO-kareem-medium.onnx.json
f2e7518ed5534a755024a48c71b80bf617efaf12570bbdf3ce255a9526a8afd3  bn_BD-google-medium.onnx
bc7e5e39e2a874bdad186620576ce18089b5a06c5645e258bcea3d56fdb11c0a  bn_BD-google-medium.onnx.json
e88cf290fbfb768bf111330d2e8a46e376b0d85e3423a28bfebbc863a260dad8  de_DE-eva_k-x_low.onnx
ef14b3dcb279ab4b18422a7a132877bee7a148821bd91152fb7ae9c4b3d79625  de_DE-eva_k-x_low.onnx.json
d352a7641892cebf2903859af94e9ba81a141110215fe3943bcda7f7da401b7a  de_DE-kerstin-low.onnx
56e708556b7b9b7a53c4f8957e021421e69f11a600962bba554cffbe72cf2d47  de_DE-kerstin-low.onnx.json
69cd1d2aa5a35839a518966fcc4924b5f93e5f8c948ed0752b1a616ad53f65bf  de_DE-mls-medium.onnx
b0af1c89ddfdc72d32e015729b0e89b99eec13c2c8caa1db7488d98e9e570b40  de_DE-mls-medium.onnx.json
96cd41fe2303dfe4745422a2580658bdbc5f935b7ee67640a94da7435a502a26  de_DE-pavoque-low.onnx
07d43d8946e869209a12d9b4fd780e3f277fe9afb305c21491a68bd97e01b74f  de_DE-pavoque-low.onnx.json
9df1c43c61149ef9b39e618e2b861fbe41e1fcea9390b2dac62e8761573ea4f1  de_DE-thorsten-high.onnx
6de734444e4c3f9e33b7ebe2746dbc19b71e85f613e79c65acf623200b99a76a  de_DE-thorsten-high.onnx.json
7e64762d8e5118bb578f2eea6207e1a35a8e0c30595010b666f983fc87bb7819  de_DE-thorsten-medium.onnx
974adee790533adb273a1ac88f49027d2a1b8f0f2cf4905954a4791e79264e85  de_DE-thorsten-medium.onnx.json
470b4dd634c98f8a4850d7626ffc3dfc90774628eeef6605a6dd8f88f30a5903  en_GB-cori-high.onnx
9e7fb5b5671612c22f3c81cbe46c1ae87b031a4632bcb509e499dad6f1e2adec  en_GB-cori-high.onnx.json
914c473788fc1fa8b63ace1cdcdb44588f4ae523d3ab37df1536616835a140b7  en_US-hfc_female-medium.onnx
03f1fa0622b80463283592d97aca9f6e89aec345a5c56b7257723e0093c58b6c  en_US-hfc_female-medium.onnx.json
58afce0321b8d9c46d7cdf9c16500cc55a793b4220212dba6b70fb788b3baf06  en_US-joe-medium.onnx
3d6d5410b3795cb1950595247ef8f06190719e6fdbfa3a2356d8ec368e1aad33  en_US-joe-medium.onnx.json
789c6c875726e627ddee93d51d8727859abe9c091c3d141591f4b83c2072e988  en_US-john-medium.onnx
af60f177b6b550f3d7a302720c0fb89e7f94a82b5dca464775ef63b1c69ba09a  en_US-john-medium.onnx.json
5849957f929cbf720c258f8458692d6103fff2f0e3d3b19c8259474bb06a18d4  en_US-kristin-medium.onnx
5681426d4aead22195de70531eeeeddb46493cfaffc5764b2ea3db73428b651c  en_US-kristin-medium.onnx.json
d89f6f124bf1e7735b2179d2141b8001c3e19169d5e743ed6e35624f4c76f044  en_US-l2arctic-medium.onnx
a97e2ba653e9efcdc1bdcec64a398c8beb19ae5e8dfdbfe4ad6841983e56c07c  en_US-l2arctic-medium.onnx.json
4cabf7c3a638017137f34a1516522032d4fe3f38228a843cc9b764ddcbcd9e09  en_US-lessac-high.onnx
db42b97d9859f257bc1561b8ed980e7fb2398402050a74ddd6cbec931a92412f  en_US-lessac-high.onnx.json
5efe09e69902187827af646e1a6e9d269dee769f9877d17b16b1b46eeaaf019f  en_US-lessac-medium.onnx
efe19c417bed055f2d69908248c6ba650fa135bc868b0e6abb3da181dab690a0  en_US-lessac-medium.onnx.json
9127a559e11603f10b366d1a20ac7426826081dbc521de4c2420c57728d73f0f  en_US-libritts-high.onnx
2efdc6d7f954588b8180132cbd9b8001933fdd00932c92bc92fd0d2028a9eb3d  en_US-libritts-high.onnx.json
5d4f08ba6a2a48c44592eed3ce56bf85e9de3dd4e20df90541ae68a8310c029a  en_US-ljspeech-high.onnx
7e1f4634af596d83cca997fb7a931ba80b70f8a316a2655ee69c55365e0ace14  en_US-ljspeech-high.onnx.json
b9739443232a80a59c7d18810dd856899bf16a7964725f5ab81ea49b1351cb71  en_US-norman-medium.onnx
6c2db7f558a4a8deb9fe822583c1c5105f6c4e834dd0f9de8ad17a888ee9fe1d  en_US-norman-medium.onnx.json
b3990d7606e183ec8dbfba70a4607074f162de1a0c412e0180d1ff60bb154eca  en_US-ryan-high.onnx
c6d3b98f08315cb4bebf0d49d50fc4ff491b503c64b940cd3d5ca28543b48011  en_US-ryan-high.onnx.json
7ceb1fc0dab349418c5b54a639ae9ee595212d7c9ea422220d8419163d5cc985  es_AR-daniela-high.onnx
aedbf69647e1d754c62ecf8e0366ca5f16af3e768e3c6b5329af6eb6bde3852b  es_AR-daniela-high.onnx.json
d69677323a907cd4963f42b29c20a98b5d6bfa7f3e64df339915e4650c00d125  es_ES-carlfm-x_low.onnx
d9bdfa9ff01eb2bc9e62e7d2593939d1e4c4d8eb7cf75f972731539d12399966  es_ES-carlfm-x_low.onnx.json
6658b03b1a6c316ee4c265a9896abc1393353c2d9e1bca7d66c2c442e222a917  es_ES-davefx-medium.onnx
0e0dda87c732f6f38771ff274a6380d9252f327dca77aa2963d5fbdf9ec54842  es_ES-davefx-medium.onnx.json
40febfb1679c69a4505ff311dc136e121e3419a13a290ef264fdf43ddedd0fb1  es_ES-sharvard-medium.onnx
7438c9b699c72b0c3388dae1b68d3f364dc66a2150fe554a1c11f03372957b2c  es_ES-sharvard-medium.onnx.json
019b3803293c93e34a206dd2e53a3889209a514e786fd7144f7b70196c579b63  es_MX-ald-medium.onnx
5a71498158e04afc8099bfd019c7e87c68eb9d042505a2b1a87e5c1ac2b1a61d  es_MX-ald-medium.onnx.json
3ef40a71ea63852cd8ab7e6fa7d2ecdcfa67a0b47c9c48e3f10e02ee02083ea0  es_MX-claude-high.onnx
1afc81f703c0e4cb3b4d7c0dca096b8b54a98806807f0170cf5eb5557723c12d  es_MX-claude-high.onnx.json
fb815380d969ea372b0b21b0de14421f58fe481047e153e69685d079b6e1a9d1  fa_IR-amir-medium.onnx
75f918a3bf0f57a9179abe725af529f2a5c79d6c899e2a84aec76c685d5dfb9a  fa_IR-amir-medium.onnx.json
6a98504bb77dc2fd3a863c977d37e67a6a525fdf661917385d569a3ff78e6cae  fa_IR-ganji-medium.onnx
9d3e0c0cf00156d8bf38fb7f96bdfbcb21911b37e062a328da0632e3c2cbc465  fa_IR-ganji-medium.onnx.json
37dfae43c82ee38ca9e6aac4ffef76a74d6b282ccbc397b27761f35d355c99ba  fa_IR-gyro-medium.onnx
4cd0ca01824b460f490224e284f9b68ecf07f91f3c654ba3bce59d4eb7646082  fa_IR-gyro-medium.onnx.json
99f0c31464a2120831ca87d079e10a9a2b3e426cc1ee662d80ff9042df15cd3c  fa_IR-reza_ibrahim-medium.onnx
e9866c88c16245f8b8f4d0eaeaa6eab4f2e193db69a2ab4683d83fe78a30b6ca  fa_IR-reza_ibrahim-medium.onnx.json
5cd711846720e261c2a176f6924c198a7424d0a75dd4b0a5357a5fb9cb739285  fr_FR-gilles-low.onnx
5a47cc0789e91267d17666bbec842dd92950669271a09023eb6970ee364cf88a  fr_FR-gilles-low.onnx.json
0ed223f78466917f2bae05ee90096ce69ab1fdeb251f55590d0e7422d234e162  fr_FR-mls-medium.onnx
252b0b0a6e4cc4949e23eccb956f9c779986c32f934f2f7e2191e5fdc2edca61  fr_FR-mls-medium.onnx.json
641d1ab097da2b81128c076810edb052b385decc8be3381814802a64a73baf99  fr_FR-siwis-medium.onnx
39479916c2db192b5ac9764daddd0c744d83e023ad890c6976c0633ae4df8959  fr_FR-siwis-medium.onnx.json
bf65074ccdeeeeaa832e75edb1c0a513c01c9a972bdf085ff8a6e71ea234fd41  fr_FR-tom-medium.onnx
2f7f885ad5a0aad802e3cc24e4f57239febdcb142b4876de5d238094674361cc  fr_FR-tom-medium.onnx.json
9abb3800c199148897a9ed64e100d224f3de83579f100044174ad19418f1786f  fr_FR-upmc-medium.onnx
e8636ec15dfd5d72db37a02cb5320a20f2b8d339f2a0e4337da64c58a33a5868  fr_FR-upmc-medium.onnx.json
169964b0871667f6793416d4b35e97357a68ba1ad01df8580c28048989ee7693  hi_IN-pratham-medium.onnx
b68edd2cd7950dd436314013b7cd12e9699e5a3f6fe5af5af94294cf6aa7b9fd  hi_IN-pratham-medium.onnx.json
aa63bcf2cd493b55a450f280e23cf77f03afc9af7015e6e5acd43b652f166c88  hi_IN-priyamvada-medium.onnx
5efc0ccf7529f3528996d46e0fac1f969f681d44a8e55bfa6236ff8841b5d52d  hi_IN-priyamvada-medium.onnx.json
b65dc80fb34d9dcd1cf684cb297966a34983bbc93bb1696fe207f32b0b33a091  hi_IN-rohan-medium.onnx
07b9ae19bd0bac7fbbc99f7ee69c91245eb5470e926632c31fc0c50ba653c817  hi_IN-rohan-medium.onnx.json
ed8f02aa593f7af6b19acbdb8142e0da0dd72f46194eb33d38e0eb10a52597e8  id_ID-news_tts-medium.onnx
1ef677072668a5e172e0759b1d3871f129009d1167f093325a17607f7add5ad7  id_ID-news_tts-medium.onnx.json
6fc918b5a0ea6137382833dddfa567bffbe6a5060c02043c87192ee59c04210c  it_IT-paola-medium.onnx
aea19c0a7fce29fbc359b93f10e7902854401e4c95ae2ea328ae516b15d296cf  it_IT-paola-medium.onnx.json
7462fbdf03727fb4c0c161286ad538fe6436b7e4b1c3059ef52930032475955f  it_IT-serena-high.onnx
60597bac737a20766591fe24d1315df9a3811dc3509e69bc394cdee19eccbae7  it_IT-serena-high.onnx.json
fe4e26b2c1236e2a44d2e295cad564d94a0d8b0a9fca1ccdfd70dd4af3116eb5  it_IT-serena-medium.onnx
14cb4995874138b2792ae07753b5540942124761af9ae6609f9b520f28837881  it_IT-serena-medium.onnx.json
5eafa1610fc7a0ff2e7fde9cbe0972d876266e23d8db331727eb2466f19460eb  ja_JP-hi_fi_captain-medium.onnx
fe9aeda38318607ba114926d1d7ee7d56295f9af3774a99a42b36f4354cabf27  ja_JP-hi_fi_captain-medium.onnx.json
624fd774e26895f24bebae1bd9a3379e3394baeade4b584924f83e414096e2c9  ko_KR-kss-medium.onnx
153b5619d0580f824a59108d83ca19434de410eb8e4fe80325b58684fdc8a1df  ko_KR-kss-medium.onnx.json
765f0809a6ea9035d4a6d0d008dbf8876e68b2dd32029312672fa8f405bdb535  pt_BR-cadu-medium.onnx
5fe03aa3d4901880554905b12075713cd552598c8a350455a1ec73f8b4e6be19  pt_BR-cadu-medium.onnx.json
de4cecee38b30bb1a6378a337af605d59f0c377df702c6a6752870db8991cd84  pt_BR-edresson-low.onnx
f138992d2e777d1e3aa0bbb14c2d324307b0f342c1bcf20978765b3bea506c56  pt_BR-edresson-low.onnx.json
858555e3a064209c57088fe6bd70c4c3dc54d03eaa00c45d5ecaf43a33f95aa7  pt_BR-faber-medium.onnx
7e694de195ae3fc36dd732c445eb04fb49b649854893cb5506b978f0d50a1d6f  pt_BR-faber-medium.onnx.json
3a6f4c46355813c2b7bbc4d16b6d13d60ed72074b952a393baace82a7d0c94b5  pt_BR-jeff-medium.onnx
7bf8145b572b36806f5ce0f1d3322b6711975bc7d0473e8d36fced4a9ec0030d  pt_BR-jeff-medium.onnx.json
223a7aaca69a155c61897e8ada7c3b13bc306e16c72dbb9c2fed733e2b0927d4  pt_PT-tugão-medium.onnx
fe0918dfc0f1a89264a6eea4afe8e95d8e9fed3cc6c81b5c2f87fcb2b50c7320  pt_PT-tugão-medium.onnx.json
e0608bbbd53c80267c09ece681b09f5199f54e792356684c8073738e5f15d29f  ro_RO-mihai-medium.onnx
8cc0c9f077dc0cec3c25a6a055ec8046db8e40a2510591582f2c9c869f4bc47e  ro_RO-mihai-medium.onnx.json
15fab56e11a097858ee115545d0f697fc2a316c41a291a5362349fb870411b0a  ru_RU-denis-medium.onnx
831c860dac0b5073eaa81610a0a638ec23d90a6cf8e5f871b4485c2cec3767c8  ru_RU-denis-medium.onnx.json
f073356ebc4bd0f80c5af58df2953a5988bd5bdab1eb38635ce960b071fbefcb  ru_RU-dmitri-medium.onnx
667ef3117bc642c2892dff7690d8bdc8ca4228aeaa783b2dc1416df632855e0d  ru_RU-dmitri-medium.onnx.json
8ff38212d23da300bbe3705c645e6e5b9475f0bfde01558eb17813e22acaaaaa  ru_RU-irina-medium.onnx
c2ec28bb38e2b59e93b959b3e40348c1afebbd272f30fed5d41205d08e98a9d7  ru_RU-irina-medium.onnx.json
72a5f88e0b20928064eb45d88e1daa21f8af62d18613580d32cbb4aed48dcf7f  ru_RU-ruslan-medium.onnx
706a4fb17bc304abd07809b552deae615e64dcbffbfbd09854ba37ca59e88117  ru_RU-ruslan-medium.onnx.json
1f195ed12ca5e7875114618e5f00207af364602e21ca78c8a6d3d7674f9259fa  sw_CD-lanfrica-medium.onnx
5bd6f6ad659aa8f1f89f414e23a3df84fc753eb9c066e91fe86729da2ad4c1fc  sw_CD-lanfrica-medium.onnx.json
2844717f524ab965d3fe86e60562cbb601d3e456836efcc2196cc3a14112a8fb  tr_TR-dfki-medium.onnx
13ebd7810f1b61b5027583cf3131a0a233b6ea81c38f2200ebc4ff41c3cca039  tr_TR-dfki-medium.onnx.json
f8d015d3fc19ea6bd8ac3ca1fd0c0fbac5054c609599ee73799235fd2cf5c786  uk_UA-lada-x_low.onnx
2df74b622e78930e8a62432d1cc8380f79f34f02c8c58ebd68e6ccbc857d80aa  uk_UA-lada-x_low.onnx.json
7920419ac5f6fd8b6450520f24b52ed5a319cb53dd018fbcd71c9e079cbac84f  uk_UA-ukrainian_tts-medium.onnx
4e96e72917ca9b94edc77d6ccfee03a73f450ba2fc1ca93c2e562bc014e5aa55  uk_UA-ukrainian_tts-medium.onnx.json
3ec306035cfd0bbc22342fee5890450708a16dd231809522731678aa583c961f  ur_PK-aegis_female-medium.onnx
a8385c217a7e276acf5234bf01dbd0adb007a57c32ffbcc57d2db7eac3979bb6  ur_PK-aegis_female-medium.onnx.json
46d590b90fbb41e4d4f2c54ded44874917f8b11b6e0500de2a89e5d3731b5917  ur_PK-fasih-medium.onnx
cfcf484a50b4036cb55675b6bbcdb9ddb9061ac10a51cfb2b3ce8391213205ec  ur_PK-fasih-medium.onnx.json
266945c4a80cb3301450c8ba6fcf6ba3542c56cf952a08a8ff3d2d4ff0ab5609  vi_VN-25hours_single-low.onnx
344b5849f5bc585031a63b9cc75f96e2c469f3d98879d8d3acbc2fce6d470064  vi_VN-25hours_single-low.onnx.json
ec7c89e2c85f4d1edc24b6120c18aaf1bda614f06b511567eb9c7c0de15e2dab  vi_VN-vais1000-medium.onnx
fafb9da1354ed4b77c31af228ed41fb41cd825c14cffa105454b25e6ae751ee0  vi_VN-vais1000-medium.onnx.json
6ab13374eb0862021a545befe7727aef59e16117f1c075aa9e0362237ecc98ae  vi_VN-vivos-x_low.onnx
9dc373d69b0e4f39d864cb8ac9fe42cee49817a0f02d831e57a9ce6e944e234a  vi_VN-vivos-x_low.onnx.json
820d64ac16048fbcf38dd0823d37fab5f5e0c2bd71b01ca5a50f553fac19e746  zh_CN-chaowen-medium.onnx
a6bb2caafa0645642f13cbf7e2f6fbbb16fded66e51109fc26d622f6472fa16f  zh_CN-chaowen-medium.onnx.json
9929917bf8cabb26fd528ea44d3a6699c11e87317a14765312420be230be0f3d  zh_CN-huayan-medium.onnx
d521dc45504a8ccc99e325822b35946dd701840bfb07e3dbb31a40929ed6a82b  zh_CN-huayan-medium.onnx.json
cb2ce4ca1f5a36a7b23ae48f0651ce2c854c331ef7a804e5c5dc643d0f74f0e2  zh_CN-xiao_ya-medium.onnx
e1ec027b7065959643c1463705398d413ed4fdaa626d7d8ef1d12ab87e9a0320  zh_CN-xiao_ya-medium.onnx.json
